
Microsoft Visual Studio Solution File, Format Version 12.00
# Visual Studio 15
Project("{FAE04EC0-301F-11D3-BF4B-00C04F79EFBC}") = "UnityEngine.TestRunner", "UnityEngine.TestRunner.csproj", "{3D32823A-5C3C-EB2B-81C7-F325DFBBE827}"
EndProject
Project("{FAE04EC0-301F-11D3-BF4B-00C04F79EFBC}") = "Unity.2D.Animation.Triangle.Runtime", "Unity.2D.Animation.Triangle.Runtime.csproj", "{6237D413-6D8B-5ED2-8D5C-CB1B0F48E234}"
EndProject
Project("{FAE04EC0-301F-11D3-BF4B-00C04F79EFBC}") = "UnityEngine.UI", "UnityEngine.UI.csproj", "{68E58E75-1257-16C6-A7AF-62C04F595276}"
EndProject
Project("{FAE04EC0-301F-11D3-BF4B-00C04F79EFBC}") = "Unity.TextMeshPro", "Unity.TextMeshPro.csproj", "{63D7E677-5B79-7211-84A4-33863E5DA384}"
EndProject
Project("{FAE04EC0-301F-11D3-BF4B-00C04F79EFBC}") = "Unity.2D.Animation.Runtime", "Unity.2D.Animation.Runtime.csproj", "{28027AE7-C8D1-3353-93F8-2646B7D45511}"
EndProject
Project("{FAE04EC0-301F-11D3-BF4B-00C04F79EFBC}") = "Unity.Timeline", "Unity.Timeline.csproj", "{1B9AB273-C351-450A-7748-76F7D5A53980}"
EndProject
Project("{FAE04EC0-301F-11D3-BF4B-00C04F79EFBC}") = "Unity.Mathematics", "Unity.Mathematics.csproj", "{CE63D2E4-4A2B-503D-4282-6D2069D81583}"
EndProject
Project("{FAE04EC0-301F-11D3-BF4B-00C04F79EFBC}") = "Unity.2D.SpriteShape.Runtime", "Unity.2D.SpriteShape.Runtime.csproj", "{2627CB73-EFFB-DC7A-33F7-2DFD2FDF0E63}"
EndProject
Project("{FAE04EC0-301F-11D3-BF4B-00C04F79EFBC}") = "Assembly-CSharp", "Assembly-CSharp.csproj", "{AE76FF67-6A9C-B3D1-B0E0-CDA8420C978F}"
EndProject
Project("{FAE04EC0-301F-11D3-BF4B-00C04F79EFBC}") = "Unity.2D.PixelPerfect", "Unity.2D.PixelPerfect.csproj", "{C8F4C561-7BD0-A90E-CD46-23A868EFE4FC}"
EndProject
Project("{FAE04EC0-301F-11D3-BF4B-00C04F79EFBC}") = "Unity.InternalAPIEngineBridge.001", "Unity.InternalAPIEngineBridge.001.csproj", "{55D512D1-C2D8-C7B3-DBC3-9C14D7AAC972}"
EndProject
Project("{FAE04EC0-301F-11D3-BF4B-00C04F79EFBC}") = "Unity.2D.Common.Runtime", "Unity.2D.Common.Runtime.csproj", "{A7649529-AFC2-88E2-4368-2C0832258082}"
EndProject
Project("{FAE04EC0-301F-11D3-BF4B-00C04F79EFBC}") = "Unity.TextMeshPro.Editor", "Unity.TextMeshPro.Editor.csproj", "{CCE6674E-42C7-3B09-ADA9-03E86C77D693}"
EndProject
Project("{FAE04EC0-301F-11D3-BF4B-00C04F79EFBC}") = "Unity.Timeline.Editor", "Unity.Timeline.Editor.csproj", "{4270E5F7-A07A-2896-302E-4EE33CEDC9AD}"
EndProject
Project("{FAE04EC0-301F-11D3-BF4B-00C04F79EFBC}") = "UnityEditor.TestRunner", "UnityEditor.TestRunner.csproj", "{A9685CEE-3FAF-A9D7-386A-D9DBE1F21246}"
EndProject
Project("{FAE04EC0-301F-11D3-BF4B-00C04F79EFBC}") = "Unity.2D.Animation.Editor", "Unity.2D.Animation.Editor.csproj", "{84ED6896-37D1-1EE7-8909-5BA1623946E8}"
EndProject
Project("{FAE04EC0-301F-11D3-BF4B-00C04F79EFBC}") = "Unity.2D.Path.Editor", "Unity.2D.Path.Editor.csproj", "{F9028697-8AA2-3933-7C1D-0AA65AEBE484}"
EndProject
Project("{FAE04EC0-301F-11D3-BF4B-00C04F79EFBC}") = "Unity.2D.Sprite.Editor", "Unity.2D.Sprite.Editor.csproj", "{1F75CE31-78E5-3E0D-331F-EB2011644986}"
EndProject
Project("{FAE04EC0-301F-11D3-BF4B-00C04F79EFBC}") = "UnityEditor.UI", "UnityEditor.UI.csproj", "{00CBE60F-439E-58DF-101B-8FB818734958}"
EndProject
Project("{FAE04EC0-301F-11D3-BF4B-00C04F79EFBC}") = "Unity.Rider.Editor", "Unity.Rider.Editor.csproj", "{53797672-67B1-BF81-C295-B9CC769A8481}"
EndProject
Project("{FAE04EC0-301F-11D3-BF4B-00C04F79EFBC}") = "Unity.2D.Tilemap.Editor", "Unity.2D.Tilemap.Editor.csproj", "{AECD68A8-0BE1-E0DE-6B36-2F42FBB606C1}"
EndProject
Project("{FAE04EC0-301F-11D3-BF4B-00C04F79EFBC}") = "Unity.2D.SpriteShape.Editor", "Unity.2D.SpriteShape.Editor.csproj", "{5866BE08-75D0-3B19-3750-CF0B0DA9D5BE}"
EndProject
Project("{FAE04EC0-301F-11D3-BF4B-00C04F79EFBC}") = "PsdPlugin", "PsdPlugin.csproj", "{D2417ADE-F3F1-4B68-997C-F39487EC89D0}"
EndProject
Project("{FAE04EC0-301F-11D3-BF4B-00C04F79EFBC}") = "Unity.CollabProxy.Editor", "Unity.CollabProxy.Editor.csproj", "{C8E850DF-3C6D-F3C1-130F-E16207182D37}"
EndProject
Project("{FAE04EC0-301F-11D3-BF4B-00C04F79EFBC}") = "Unity.2D.Common.Editor", "Unity.2D.Common.Editor.csproj", "{36B39BCD-C0C6-8F35-1C43-28A6CCF7AF31}"
EndProject
Project("{FAE04EC0-301F-11D3-BF4B-00C04F79EFBC}") = "Unity.VSCode.Editor", "Unity.VSCode.Editor.csproj", "{48FA0921-DB14-23B8-AB3D-1C2D87DBC875}"
EndProject
Project("{FAE04EC0-301F-11D3-BF4B-00C04F79EFBC}") = "Unity.2D.Psdimporter.Editor", "Unity.2D.Psdimporter.Editor.csproj", "{05DBCFEF-9EF7-015B-5D53-74D31EC9DFF4}"
EndProject
Project("{FAE04EC0-301F-11D3-BF4B-00C04F79EFBC}") = "Unity.2D.PixelPerfect.Editor", "Unity.2D.PixelPerfect.Editor.csproj", "{C423AF5D-4517-3E2E-DBB0-E18AD7BE21FD}"
EndProject
Project("{FAE04EC0-301F-11D3-BF4B-00C04F79EFBC}") = "Unity.Mathematics.Editor", "Unity.Mathematics.Editor.csproj", "{BB2EA923-8E4C-7597-A182-C9FDAC419A32}"
EndProject
Project("{FAE04EC0-301F-11D3-BF4B-00C04F79EFBC}") = "Unity.InternalAPIEditorBridge.001", "Unity.InternalAPIEditorBridge.001.csproj", "{6C2B4FF6-658F-79F9-6E3B-631695027B06}"
EndProject
Global
	GlobalSection(SolutionConfigurationPlatforms) = preSolution
		Debug|Any CPU = Debug|Any CPU
		Release|Any CPU = Release|Any CPU
	EndGlobalSection
	GlobalSection(ProjectConfigurationPlatforms) = postSolution
		{3D32823A-5C3C-EB2B-81C7-F325DFBBE827}.Debug|Any CPU.ActiveCfg = Debug|Any CPU
		{3D32823A-5C3C-EB2B-81C7-F325DFBBE827}.Debug|Any CPU.Build.0 = Debug|Any CPU
		{3D32823A-5C3C-EB2B-81C7-F325DFBBE827}.Release|Any CPU.ActiveCfg = Release|Any CPU
		{3D32823A-5C3C-EB2B-81C7-F325DFBBE827}.Release|Any CPU.Build.0 = Release|Any CPU
		{6237D413-6D8B-5ED2-8D5C-CB1B0F48E234}.Debug|Any CPU.ActiveCfg = Debug|Any CPU
		{6237D413-6D8B-5ED2-8D5C-CB1B0F48E234}.Debug|Any CPU.Build.0 = Debug|Any CPU
		{6237D413-6D8B-5ED2-8D5C-CB1B0F48E234}.Release|Any CPU.ActiveCfg = Release|Any CPU
		{6237D413-6D8B-5ED2-8D5C-CB1B0F48E234}.Release|Any CPU.Build.0 = Release|Any CPU
		{68E58E75-1257-16C6-A7AF-62C04F595276}.Debug|Any CPU.ActiveCfg = Debug|Any CPU
		{68E58E75-1257-16C6-A7AF-62C04F595276}.Debug|Any CPU.Build.0 = Debug|Any CPU
		{68E58E75-1257-16C6-A7AF-62C04F595276}.Release|Any CPU.ActiveCfg = Release|Any CPU
		{68E58E75-1257-16C6-A7AF-62C04F595276}.Release|Any CPU.Build.0 = Release|Any CPU
		{63D7E677-5B79-7211-84A4-33863E5DA384}.Debug|Any CPU.ActiveCfg = Debug|Any CPU
		{63D7E677-5B79-7211-84A4-33863E5DA384}.Debug|Any CPU.Build.0 = Debug|Any CPU
		{63D7E677-5B79-7211-84A4-33863E5DA384}.Release|Any CPU.ActiveCfg = Release|Any CPU
		{63D7E677-5B79-7211-84A4-33863E5DA384}.Release|Any CPU.Build.0 = Release|Any CPU
		{28027AE7-C8D1-3353-93F8-2646B7D45511}.Debug|Any CPU.ActiveCfg = Debug|Any CPU
		{28027AE7-C8D1-3353-93F8-2646B7D45511}.Debug|Any CPU.Build.0 = Debug|Any CPU
		{28027AE7-C8D1-3353-93F8-2646B7D45511}.Release|Any CPU.ActiveCfg = Release|Any CPU
		{28027AE7-C8D1-3353-93F8-2646B7D45511}.Release|Any CPU.Build.0 = Release|Any CPU
		{1B9AB273-C351-450A-7748-76F7D5A53980}.Debug|Any CPU.ActiveCfg = Debug|Any CPU
		{1B9AB273-C351-450A-7748-76F7D5A53980}.Debug|Any CPU.Build.0 = Debug|Any CPU
		{1B9AB273-C351-450A-7748-76F7D5A53980}.Release|Any CPU.ActiveCfg = Release|Any CPU
		{1B9AB273-C351-450A-7748-76F7D5A53980}.Release|Any CPU.Build.0 = Release|Any CPU
		{CE63D2E4-4A2B-503D-4282-6D2069D81583}.Debug|Any CPU.ActiveCfg = Debug|Any CPU
		{CE63D2E4-4A2B-503D-4282-6D2069D81583}.Debug|Any CPU.Build.0 = Debug|Any CPU
		{CE63D2E4-4A2B-503D-4282-6D2069D81583}.Release|Any CPU.ActiveCfg = Release|Any CPU
		{CE63D2E4-4A2B-503D-4282-6D2069D81583}.Release|Any CPU.Build.0 = Release|Any CPU
		{2627CB73-EFFB-DC7A-33F7-2DFD2FDF0E63}.Debug|Any CPU.ActiveCfg = Debug|Any CPU
		{2627CB73-EFFB-DC7A-33F7-2DFD2FDF0E63}.Debug|Any CPU.Build.0 = Debug|Any CPU
		{2627CB73-EFFB-DC7A-33F7-2DFD2FDF0E63}.Release|Any CPU.ActiveCfg = Release|Any CPU
		{2627CB73-EFFB-DC7A-33F7-2DFD2FDF0E63}.Release|Any CPU.Build.0 = Release|Any CPU
		{AE76FF67-6A9C-B3D1-B0E0-CDA8420C978F}.Debug|Any CPU.ActiveCfg = Debug|Any CPU
		{AE76FF67-6A9C-B3D1-B0E0-CDA8420C978F}.Debug|Any CPU.Build.0 = Debug|Any CPU
		{AE76FF67-6A9C-B3D1-B0E0-CDA8420C978F}.Release|Any CPU.ActiveCfg = Release|Any CPU
		{AE76FF67-6A9C-B3D1-B0E0-CDA8420C978F}.Release|Any CPU.Build.0 = Release|Any CPU
		{C8F4C561-7BD0-A90E-CD46-23A868EFE4FC}.Debug|Any CPU.ActiveCfg = Debug|Any CPU
		{C8F4C561-7BD0-A90E-CD46-23A868EFE4FC}.Debug|Any CPU.Build.0 = Debug|Any CPU
		{C8F4C561-7BD0-A90E-CD46-23A868EFE4FC}.Release|Any CPU.ActiveCfg = Release|Any CPU
		{C8F4C561-7BD0-A90E-CD46-23A868EFE4FC}.Release|Any CPU.Build.0 = Release|Any CPU
		{55D512D1-C2D8-C7B3-DBC3-9C14D7AAC972}.Debug|Any CPU.ActiveCfg = Debug|Any CPU
		{55D512D1-C2D8-C7B3-DBC3-9C14D7AAC972}.Debug|Any CPU.Build.0 = Debug|Any CPU
		{55D512D1-C2D8-C7B3-DBC3-9C14D7AAC972}.Release|Any CPU.ActiveCfg = Release|Any CPU
		{55D512D1-C2D8-C7B3-DBC3-9C14D7AAC972}.Release|Any CPU.Build.0 = Release|Any CPU
		{A7649529-AFC2-88E2-4368-2C0832258082}.Debug|Any CPU.ActiveCfg = Debug|Any CPU
		{A7649529-AFC2-88E2-4368-2C0832258082}.Debug|Any CPU.Build.0 = Debug|Any CPU
		{A7649529-AFC2-88E2-4368-2C0832258082}.Release|Any CPU.ActiveCfg = Release|Any CPU
		{A7649529-AFC2-88E2-4368-2C0832258082}.Release|Any CPU.Build.0 = Release|Any CPU
		{CCE6674E-42C7-3B09-ADA9-03E86C77D693}.Debug|Any CPU.ActiveCfg = Debug|Any CPU
		{CCE6674E-42C7-3B09-ADA9-03E86C77D693}.Debug|Any CPU.Build.0 = Debug|Any CPU
		{CCE6674E-42C7-3B09-ADA9-03E86C77D693}.Release|Any CPU.ActiveCfg = Release|Any CPU
		{CCE6674E-42C7-3B09-ADA9-03E86C77D693}.Release|Any CPU.Build.0 = Release|Any CPU
		{4270E5F7-A07A-2896-302E-4EE33CEDC9AD}.Debug|Any CPU.ActiveCfg = Debug|Any CPU
		{4270E5F7-A07A-2896-302E-4EE33CEDC9AD}.Debug|Any CPU.Build.0 = Debug|Any CPU
		{4270E5F7-A07A-2896-302E-4EE33CEDC9AD}.Release|Any CPU.ActiveCfg = Release|Any CPU
		{4270E5F7-A07A-2896-302E-4EE33CEDC9AD}.Release|Any CPU.Build.0 = Release|Any CPU
		{A9685CEE-3FAF-A9D7-386A-D9DBE1F21246}.Debug|Any CPU.ActiveCfg = Debug|Any CPU
		{A9685CEE-3FAF-A9D7-386A-D9DBE1F21246}.Debug|Any CPU.Build.0 = Debug|Any CPU
		{A9685CEE-3FAF-A9D7-386A-D9DBE1F21246}.Release|Any CPU.ActiveCfg = Release|Any CPU
		{A9685CEE-3FAF-A9D7-386A-D9DBE1F21246}.Release|Any CPU.Build.0 = Release|Any CPU
		{84ED6896-37D1-1EE7-8909-5BA1623946E8}.Debug|Any CPU.ActiveCfg = Debug|Any CPU
		{84ED6896-37D1-1EE7-8909-5BA1623946E8}.Debug|Any CPU.Build.0 = Debug|Any CPU
		{84ED6896-37D1-1EE7-8909-5BA1623946E8}.Release|Any CPU.ActiveCfg = Release|Any CPU
		{84ED6896-37D1-1EE7-8909-5BA1623946E8}.Release|Any CPU.Build.0 = Release|Any CPU
		{F9028697-8AA2-3933-7C1D-0AA65AEBE484}.Debug|Any CPU.ActiveCfg = Debug|Any CPU
		{F9028697-8AA2-3933-7C1D-0AA65AEBE484}.Debug|Any CPU.Build.0 = Debug|Any CPU
		{F9028697-8AA2-3933-7C1D-0AA65AEBE484}.Release|Any CPU.ActiveCfg = Release|Any CPU
		{F9028697-8AA2-3933-7C1D-0AA65AEBE484}.Release|Any CPU.Build.0 = Release|Any CPU
		{1F75CE31-78E5-3E0D-331F-EB2011644986}.Debug|Any CPU.ActiveCfg = Debug|Any CPU
		{1F75CE31-78E5-3E0D-331F-EB2011644986}.Debug|Any CPU.Build.0 = Debug|Any CPU
		{1F75CE31-78E5-3E0D-331F-EB2011644986}.Release|Any CPU.ActiveCfg = Release|Any CPU
		{1F75CE31-78E5-3E0D-331F-EB2011644986}.Release|Any CPU.Build.0 = Release|Any CPU
		{00CBE60F-439E-58DF-101B-8FB818734958}.Debug|Any CPU.ActiveCfg = Debug|Any CPU
		{00CBE60F-439E-58DF-101B-8FB818734958}.Debug|Any CPU.Build.0 = Debug|Any CPU
		{00CBE60F-439E-58DF-101B-8FB818734958}.Release|Any CPU.ActiveCfg = Release|Any CPU
		{00CBE60F-439E-58DF-101B-8FB818734958}.Release|Any CPU.Build.0 = Release|Any CPU
		{53797672-67B1-BF81-C295-B9CC769A8481}.Debug|Any CPU.ActiveCfg = Debug|Any CPU
		{53797672-67B1-BF81-C295-B9CC769A8481}.Debug|Any CPU.Build.0 = Debug|Any CPU
		{53797672-67B1-BF81-C295-B9CC769A8481}.Release|Any CPU.ActiveCfg = Release|Any CPU
		{53797672-67B1-BF81-C295-B9CC769A8481}.Release|Any CPU.Build.0 = Release|Any CPU
		{AECD68A8-0BE1-E0DE-6B36-2F42FBB606C1}.Debug|Any CPU.ActiveCfg = Debug|Any CPU
		{AECD68A8-0BE1-E0DE-6B36-2F42FBB606C1}.Debug|Any CPU.Build.0 = Debug|Any CPU
		{AECD68A8-0BE1-E0DE-6B36-2F42FBB606C1}.Release|Any CPU.ActiveCfg = Release|Any CPU
		{AECD68A8-0BE1-E0DE-6B36-2F42FBB606C1}.Release|Any CPU.Build.0 = Release|Any CPU
		{5866BE08-75D0-3B19-3750-CF0B0DA9D5BE}.Debug|Any CPU.ActiveCfg = Debug|Any CPU
		{5866BE08-75D0-3B19-3750-CF0B0DA9D5BE}.Debug|Any CPU.Build.0 = Debug|Any CPU
		{5866BE08-75D0-3B19-3750-CF0B0DA9D5BE}.Release|Any CPU.ActiveCfg = Release|Any CPU
		{5866BE08-75D0-3B19-3750-CF0B0DA9D5BE}.Release|Any CPU.Build.0 = Release|Any CPU
		{D2417ADE-F3F1-4B68-997C-F39487EC89D0}.Debug|Any CPU.ActiveCfg = Debug|Any CPU
		{D2417ADE-F3F1-4B68-997C-F39487EC89D0}.Debug|Any CPU.Build.0 = Debug|Any CPU
		{D2417ADE-F3F1-4B68-997C-F39487EC89D0}.Release|Any CPU.ActiveCfg = Release|Any CPU
		{D2417ADE-F3F1-4B68-997C-F39487EC89D0}.Release|Any CPU.Build.0 = Release|Any CPU
		{C8E850DF-3C6D-F3C1-130F-E16207182D37}.Debug|Any CPU.ActiveCfg = Debug|Any CPU
		{C8E850DF-3C6D-F3C1-130F-E16207182D37}.Debug|Any CPU.Build.0 = Debug|Any CPU
		{C8E850DF-3C6D-F3C1-130F-E16207182D37}.Release|Any CPU.ActiveCfg = Release|Any CPU
		{C8E850DF-3C6D-F3C1-130F-E16207182D37}.Release|Any CPU.Build.0 = Release|Any CPU
		{36B39BCD-C0C6-8F35-1C43-28A6CCF7AF31}.Debug|Any CPU.ActiveCfg = Debug|Any CPU
		{36B39BCD-C0C6-8F35-1C43-28A6CCF7AF31}.Debug|Any CPU.Build.0 = Debug|Any CPU
		{36B39BCD-C0C6-8F35-1C43-28A6CCF7AF31}.Release|Any CPU.ActiveCfg = Release|Any CPU
		{36B39BCD-C0C6-8F35-1C43-28A6CCF7AF31}.Release|Any CPU.Build.0 = Release|Any CPU
		{48FA0921-DB14-23B8-AB3D-1C2D87DBC875}.Debug|Any CPU.ActiveCfg = Debug|Any CPU
		{48FA0921-DB14-23B8-AB3D-1C2D87DBC875}.Debug|Any CPU.Build.0 = Debug|Any CPU
		{48FA0921-DB14-23B8-AB3D-1C2D87DBC875}.Release|Any CPU.ActiveCfg = Release|Any CPU
		{48FA0921-DB14-23B8-AB3D-1C2D87DBC875}.Release|Any CPU.Build.0 = Release|Any CPU
		{05DBCFEF-9EF7-015B-5D53-74D31EC9DFF4}.Debug|Any CPU.ActiveCfg = Debug|Any CPU
		{05DBCFEF-9EF7-015B-5D53-74D31EC9DFF4}.Debug|Any CPU.Build.0 = Debug|Any CPU
		{05DBCFEF-9EF7-015B-5D53-74D31EC9DFF4}.Release|Any CPU.ActiveCfg = Release|Any CPU
		{05DBCFEF-9EF7-015B-5D53-74D31EC9DFF4}.Release|Any CPU.Build.0 = Release|Any CPU
		{C423AF5D-4517-3E2E-DBB0-E18AD7BE21FD}.Debug|Any CPU.ActiveCfg = Debug|Any CPU
		{C423AF5D-4517-3E2E-DBB0-E18AD7BE21FD}.Debug|Any CPU.Build.0 = Debug|Any CPU
		{C423AF5D-4517-3E2E-DBB0-E18AD7BE21FD}.Release|Any CPU.ActiveCfg = Release|Any CPU
		{C423AF5D-4517-3E2E-DBB0-E18AD7BE21FD}.Release|Any CPU.Build.0 = Release|Any CPU
		{BB2EA923-8E4C-7597-A182-C9FDAC419A32}.Debug|Any CPU.ActiveCfg = Debug|Any CPU
		{BB2EA923-8E4C-7597-A182-C9FDAC419A32}.Debug|Any CPU.Build.0 = Debug|Any CPU
		{BB2EA923-8E4C-7597-A182-C9FDAC419A32}.Release|Any CPU.ActiveCfg = Release|Any CPU
		{BB2EA923-8E4C-7597-A182-C9FDAC419A32}.Release|Any CPU.Build.0 = Release|Any CPU
		{6C2B4FF6-658F-79F9-6E3B-631695027B06}.Debug|Any CPU.ActiveCfg = Debug|Any CPU
		{6C2B4FF6-658F-79F9-6E3B-631695027B06}.Debug|Any CPU.Build.0 = Debug|Any CPU
		{6C2B4FF6-658F-79F9-6E3B-631695027B06}.Release|Any CPU.ActiveCfg = Release|Any CPU
		{6C2B4FF6-658F-79F9-6E3B-631695027B06}.Release|Any CPU.Build.0 = Release|Any CPU
	EndGlobalSection
	GlobalSection(SolutionProperties) = preSolution
		HideSolutionNode = FALSE
	EndGlobalSection
EndGlobal
